
Microsoft Visual Studio Solution File, Format Version 12.00
# Visual Studio Version 17
VisualStudioVersion = 17.14.36203.30
MinimumVisualStudioVersion = 10.0.40219.1
Project("{FAE04EC0-301F-11D3-BF4B-00C04F79EFBC}") = "BackendProjekt", "BrckETTAPI\BackendProjekt.csproj", "{F360C9F7-9325-05A0-EA68-F12633CBEE95}"
EndProject
Project("{FAE04EC0-301F-11D3-BF4B-00C04F79EFBC}") = "BrckETTAPI.test", "BrckETTAPI.test\BrckETTAPI.test.csproj", "{C1D324C6-617E-EF6B-B8CE-BEA495E9D670}"
EndProject
Global
	GlobalSection(SolutionConfigurationPlatforms) = preSolution
		Debug|Any CPU = Debug|Any CPU
		Release|Any CPU = Release|Any CPU
	EndGlobalSection
	GlobalSection(ProjectConfigurationPlatforms) = postSolution
		{F360C9F7-9325-05A0-EA68-F12633CBEE95}.Debug|Any CPU.ActiveCfg = Debug|Any CPU
		{F360C9F7-9325-05A0-EA68-F12633CBEE95}.Debug|Any CPU.Build.0 = Debug|Any CPU
		{F360C9F7-9325-05A0-EA68-F12633CBEE95}.Release|Any CPU.ActiveCfg = Release|Any CPU
		{F360C9F7-9325-05A0-EA68-F12633CBEE95}.Release|Any CPU.Build.0 = Release|Any CPU
		{C1D324C6-617E-EF6B-B8CE-BEA495E9D670}.Debug|Any CPU.ActiveCfg = Debug|Any CPU
		{C1D324C6-617E-EF6B-B8CE-BEA495E9D670}.Debug|Any CPU.Build.0 = Debug|Any CPU
		{C1D324C6-617E-EF6B-B8CE-BEA495E9D670}.Release|Any CPU.ActiveCfg = Release|Any CPU
		{C1D324C6-617E-EF6B-B8CE-BEA495E9D670}.Release|Any CPU.Build.0 = Release|Any CPU
	EndGlobalSection
	GlobalSection(SolutionProperties) = preSolution
		HideSolutionNode = FALSE
	EndGlobalSection
	GlobalSection(ExtensibilityGlobals) = postSolution
		SolutionGuid = {277105A7-6C88-4FFB-8894-FAD565AAA00B}
	EndGlobalSection
EndGlobal
